
Microsoft Visual Studio Solution File, Format Version 12.00
# Visual Studio Version 17
VisualStudioVersion = 17.10.35122.118
MinimumVisualStudioVersion = 10.0.40219.1
Project("{FAE04EC0-301F-11D3-BF4B-00C04F79EFBC}") = "DemoExam2024", "DemoExam2024.csproj", "{917EC258-9E30-42DA-BEC4-B0C32EB9C3C1}"
EndProject
Global
	GlobalSection(SolutionConfigurationPlatforms) = preSolution
		Debug|Any CPU = Debug|Any CPU
		Release|Any CPU = Release|Any CPU
	EndGlobalSection
	GlobalSection(ProjectConfigurationPlatforms) = postSolution
		{917EC258-9E30-42DA-BEC4-B0C32EB9C3C1}.Debug|Any CPU.ActiveCfg = Debug|Any CPU
		{917EC258-9E30-42DA-BEC4-B0C32EB9C3C1}.Debug|Any CPU.Build.0 = Debug|Any CPU
		{917EC258-9E30-42DA-BEC4-B0C32EB9C3C1}.Release|Any CPU.ActiveCfg = Release|Any CPU
		{917EC258-9E30-42DA-BEC4-B0C32EB9C3C1}.Release|Any CPU.Build.0 = Release|Any CPU
	EndGlobalSection
	GlobalSection(SolutionProperties) = preSolution
		HideSolutionNode = FALSE
	EndGlobalSection
	GlobalSection(ExtensibilityGlobals) = postSolution
		SolutionGuid = {3DD49410-A4AE-4623-81DC-9038CD2A50DA}
	EndGlobalSection
EndGlobal
